
Microsoft Visual Studio Solution File, Format Version 12.00
# Visual Studio Version 16
VisualStudioVersion = 16.0.30114.105
MinimumVisualStudioVersion = 10.0.40219.1
Project("{FAE04EC0-301F-11D3-BF4B-00C04F79EFBC}") = "NFSeV2", "NFSeV2.csproj", "{49542653-096B-4B3A-AF0B-86C140D59707}"
EndProject
Global
	GlobalSection(SolutionConfigurationPlatforms) = preSolution
		Debug|Any CPU = Debug|Any CPU
		Release|Any CPU = Release|Any CPU
	EndGlobalSection
	GlobalSection(ProjectConfigurationPlatforms) = postSolution
		{49542653-096B-4B3A-AF0B-86C140D59707}.Debug|Any CPU.ActiveCfg = Debug|Any CPU
		{49542653-096B-4B3A-AF0B-86C140D59707}.Debug|Any CPU.Build.0 = Debug|Any CPU
		{49542653-096B-4B3A-AF0B-86C140D59707}.Release|Any CPU.ActiveCfg = Release|Any CPU
		{49542653-096B-4B3A-AF0B-86C140D59707}.Release|Any CPU.Build.0 = Release|Any CPU
	EndGlobalSection
	GlobalSection(SolutionProperties) = preSolution
		HideSolutionNode = FALSE
	EndGlobalSection
	GlobalSection(ExtensibilityGlobals) = postSolution
		SolutionGuid = {3821B215-F1E8-4E63-BC66-65FCA1DD196A}
	EndGlobalSection
EndGlobal
