	<Project xmlns="http://schemas.microsoft.com/developer/msbuild/2003">
		<PropertyGroup>
			<ProjectGuid>{4624A965-8721-4A65-91CE-04B411E5CC5A}</ProjectGuid>
			<MainSource>ExemploProxyNFSe.dpr</MainSource>
			<Config Condition="'$(Config)'==''">Debug</Config>
			<DCC_DCCCompiler>DCC32</DCC_DCCCompiler>
			<ProjectVersion>12.0</ProjectVersion>
		</PropertyGroup>
		<PropertyGroup Condition="'$(Config)'=='Base' or '$(Base)'!=''">
			<Base>true</Base>
		</PropertyGroup>
		<PropertyGroup Condition="'$(Config)'=='Release' or '$(Cfg_1)'!=''">
			<Cfg_1>true</Cfg_1>
			<CfgParent>Base</CfgParent>
			<Base>true</Base>
		</PropertyGroup>
		<PropertyGroup Condition="'$(Config)'=='Debug' or '$(Cfg_2)'!=''">
			<Cfg_2>true</Cfg_2>
			<CfgParent>Base</CfgParent>
			<Base>true</Base>
		</PropertyGroup>
		<PropertyGroup Condition="'$(Base)'!=''">
			<DCC_UnitSearchPath>..\Fontes;$(DCC_UnitSearchPath)</DCC_UnitSearchPath>
			<DCC_DcuOutput>Dcu</DCC_DcuOutput>
			<DCC_DependencyCheckOutputName>ExemploProxyNFSe.exe</DCC_DependencyCheckOutputName>
			<DCC_ImageBase>00400000</DCC_ImageBase>
			<DCC_Platform>x86</DCC_Platform>
		</PropertyGroup>
		<PropertyGroup Condition="'$(Cfg_1)'!=''">
			<DCC_LocalDebugSymbols>false</DCC_LocalDebugSymbols>
			<DCC_Define>RELEASE;$(DCC_Define)</DCC_Define>
			<DCC_SymbolReferenceInfo>0</DCC_SymbolReferenceInfo>
			<DCC_DebugInformation>false</DCC_DebugInformation>
		</PropertyGroup>
		<PropertyGroup Condition="'$(Cfg_2)'!=''">
			<DCC_Define>DEBUG;$(DCC_Define)</DCC_Define>
		</PropertyGroup>
		<ItemGroup>
			<DelphiCompile Include="ExemploProxyNFSe.dpr">
				<MainSource>MainSource</MainSource>
			</DelphiCompile>
			<DCCReference Include="UExemploProxyNFSe.pas">
				<Form>frmExemplo</Form>
			</DCCReference>
			<DCCReference Include="uSelectCertificate.pas">
				<Form>frmSelectCertificate</Form>
			</DCCReference>
			<BuildConfiguration Include="Base">
				<Key>Base</Key>
			</BuildConfiguration>
			<BuildConfiguration Include="Debug">
				<Key>Cfg_2</Key>
				<CfgParent>Base</CfgParent>
			</BuildConfiguration>
			<BuildConfiguration Include="Release">
				<Key>Cfg_1</Key>
				<CfgParent>Base</CfgParent>
			</BuildConfiguration>
		</ItemGroup>
		<Import Project="$(BDS)\Bin\CodeGear.Delphi.Targets" Condition="Exists('$(BDS)\Bin\CodeGear.Delphi.Targets')"/>
		<ProjectExtensions>
			<Borland.Personality>Delphi.Personality.12</Borland.Personality>
			<Borland.ProjectType>VCLApplication</Borland.ProjectType>
			<BorlandProject>
				<Delphi.Personality>
					<Source>
						<Source Name="MainSource">ExemploProxyNFSe.dpr</Source>
					</Source>
					<Parameters>
						<Parameters Name="UseLauncher">False</Parameters>
						<Parameters Name="LoadAllSymbols">True</Parameters>
						<Parameters Name="LoadUnspecifiedSymbols">False</Parameters>
					</Parameters>
					<VersionInfo>
						<VersionInfo Name="IncludeVerInfo">False</VersionInfo>
						<VersionInfo Name="AutoIncBuild">False</VersionInfo>
						<VersionInfo Name="MajorVer">1</VersionInfo>
						<VersionInfo Name="MinorVer">0</VersionInfo>
						<VersionInfo Name="Release">0</VersionInfo>
						<VersionInfo Name="Build">0</VersionInfo>
						<VersionInfo Name="Debug">False</VersionInfo>
						<VersionInfo Name="PreRelease">False</VersionInfo>
						<VersionInfo Name="Special">False</VersionInfo>
						<VersionInfo Name="Private">False</VersionInfo>
						<VersionInfo Name="DLL">False</VersionInfo>
						<VersionInfo Name="Locale">1046</VersionInfo>
						<VersionInfo Name="CodePage">1252</VersionInfo>
					</VersionInfo>
					<VersionInfoKeys>
						<VersionInfoKeys Name="CompanyName"/>
						<VersionInfoKeys Name="FileDescription"/>
						<VersionInfoKeys Name="FileVersion">1.0.0.0</VersionInfoKeys>
						<VersionInfoKeys Name="InternalName"/>
						<VersionInfoKeys Name="LegalCopyright"/>
						<VersionInfoKeys Name="LegalTrademarks"/>
						<VersionInfoKeys Name="OriginalFilename"/>
						<VersionInfoKeys Name="ProductName"/>
						<VersionInfoKeys Name="ProductVersion">1.0.0.0</VersionInfoKeys>
						<VersionInfoKeys Name="Comments"/>
					</VersionInfoKeys>
					<Excluded_Packages>
						<Excluded_Packages Name="C:\Program Files\EldoS\SecureBlackbox\Packages\CloudBBoxD14.bpl">File C:\Program Files\EldoS\SecureBlackbox\Packages\CloudBBoxD14.bpl not found</Excluded_Packages>
						<Excluded_Packages Name="C:\Program Files\EldoS\SecureBlackbox\Packages\EDIBBoxD14.bpl">File C:\Program Files\EldoS\SecureBlackbox\Packages\EDIBBoxD14.bpl not found</Excluded_Packages>
						<Excluded_Packages Name="C:\Program Files\EldoS\SecureBlackbox\Packages\MailBBoxD14.bpl">File C:\Program Files\EldoS\SecureBlackbox\Packages\MailBBoxD14.bpl not found</Excluded_Packages>
						<Excluded_Packages Name="C:\Program Files\EldoS\SecureBlackbox\Packages\OfficeBBoxD14.bpl">File C:\Program Files\EldoS\SecureBlackbox\Packages\OfficeBBoxD14.bpl not found</Excluded_Packages>
						<Excluded_Packages Name="C:\Program Files\EldoS\SecureBlackbox\Packages\PDFBBoxD14.bpl">File C:\Program Files\EldoS\SecureBlackbox\Packages\PDFBBoxD14.bpl not found</Excluded_Packages>
						<Excluded_Packages Name="C:\Program Files\EldoS\SecureBlackbox\Packages\PGPMIMEBBoxD14.bpl">File C:\Program Files\EldoS\SecureBlackbox\Packages\PGPMIMEBBoxD14.bpl not found</Excluded_Packages>
						<Excluded_Packages Name="C:\Program Files\EldoS\SecureBlackbox\Packages\PGPSSHBBoxD14.bpl">File C:\Program Files\EldoS\SecureBlackbox\Packages\PGPSSHBBoxD14.bpl not found</Excluded_Packages>
						<Excluded_Packages Name="C:\Program Files\EldoS\SecureBlackbox\Packages\PGPTLSBBoxD14.bpl">File C:\Program Files\EldoS\SecureBlackbox\Packages\PGPTLSBBoxD14.bpl not found</Excluded_Packages>
						<Excluded_Packages Name="C:\Program Files\EldoS\SecureBlackbox\Packages\PKIPDFBBoxD14.bpl">File C:\Program Files\EldoS\SecureBlackbox\Packages\PKIPDFBBoxD14.bpl not found</Excluded_Packages>
						<Excluded_Packages Name="C:\Program Files\EldoS\SecureBlackbox\Packages\PKISSHBBoxD14.bpl">File C:\Program Files\EldoS\SecureBlackbox\Packages\PKISSHBBoxD14.bpl not found</Excluded_Packages>
						<Excluded_Packages Name="C:\Program Files\EldoS\SecureBlackbox\Packages\SFTPBBoxCliD14.bpl">File C:\Program Files\EldoS\SecureBlackbox\Packages\SFTPBBoxCliD14.bpl not found</Excluded_Packages>
						<Excluded_Packages Name="C:\Program Files\EldoS\SecureBlackbox\Packages\SFTPBBoxSrvD14.bpl">File C:\Program Files\EldoS\SecureBlackbox\Packages\SFTPBBoxSrvD14.bpl not found</Excluded_Packages>
						<Excluded_Packages Name="C:\Program Files\EldoS\SecureBlackbox\Packages\SMIMEBBoxD14.bpl">File C:\Program Files\EldoS\SecureBlackbox\Packages\SMIMEBBoxD14.bpl not found</Excluded_Packages>
						<Excluded_Packages Name="C:\Program Files\EldoS\SecureBlackbox\Packages\SSLBBoxSrvD14.bpl">File C:\Program Files\EldoS\SecureBlackbox\Packages\SSLBBoxSrvD14.bpl not found</Excluded_Packages>
						<Excluded_Packages Name="$(BDS)\bin\dcloffice2k140.bpl">Microsoft Office 2000 Sample Automation Server Wrapper Components</Excluded_Packages>
						<Excluded_Packages Name="$(BDS)\bin\dclofficexp140.bpl">Microsoft Office XP Sample Automation Server Wrapper Components</Excluded_Packages>
					</Excluded_Packages>
				</Delphi.Personality>
			</BorlandProject>
			<ProjectFileVersion>12</ProjectFileVersion>
		</ProjectExtensions>
	</Project>

